
Microsoft Visual Studio Solution File, Format Version 12.00
# Visual Studio Version 16
VisualStudioVersion = 16.0.30002.166
MinimumVisualStudioVersion = 10.0.40219.1
Project("{FAE04EC0-301F-11D3-BF4B-00C04F79EFBC}") = "myRsa", "myRsa.csproj", "{3B2E7304-1D4E-4882-994D-2387A36BD832}"
EndProject
Global
	GlobalSection(SolutionConfigurationPlatforms) = preSolution
		Debug|Any CPU = Debug|Any CPU
		Release|Any CPU = Release|Any CPU
	EndGlobalSection
	GlobalSection(ProjectConfigurationPlatforms) = postSolution
		{3B2E7304-1D4E-4882-994D-2387A36BD832}.Debug|Any CPU.ActiveCfg = Debug|Any CPU
		{3B2E7304-1D4E-4882-994D-2387A36BD832}.Debug|Any CPU.Build.0 = Debug|Any CPU
		{3B2E7304-1D4E-4882-994D-2387A36BD832}.Release|Any CPU.ActiveCfg = Release|Any CPU
		{3B2E7304-1D4E-4882-994D-2387A36BD832}.Release|Any CPU.Build.0 = Release|Any CPU
	EndGlobalSection
	GlobalSection(SolutionProperties) = preSolution
		HideSolutionNode = FALSE
	EndGlobalSection
	GlobalSection(ExtensibilityGlobals) = postSolution
		SolutionGuid = {5AEE6EFB-8C15-4AC9-802E-B1947C53F57D}
	EndGlobalSection
EndGlobal
